<?xml version="1.0" encoding="utf-8"?>
<Project ToolsVersion="4.0" xmlns="http://schemas.microsoft.com/developer/msbuild/2003">
  <ItemGroup>
    <ClCompile Include="Cube.c">
      <Filter>Исходные файлы</Filter>
    </ClCompile>
    <ClCompile Include="Main.c">
      <Filter>Исходные файлы</Filter>
    </ClCompile>
    <ClCompile Include="Sphere.c">
      <Filter>Исходные файлы</Filter>
    </ClCompile>
    <ClCompile Include="Torus.c">
      <Filter>Исходные файлы</Filter>
    </ClCompile>
    <ClCompile Include="Vector.c">
      <Filter>Исходные файлы</Filter>
    </ClCompile>
    <ClCompile Include="loadFile.c">
      <Filter>Исходные файлы</Filter>
    </ClCompile>
    <ClCompile Include="Engine.c">
      <Filter>Исходные файлы</Filter>
    </ClCompile>
  </ItemGroup>
  <ItemGroup>
    <ClInclude Include="Cube.h">
      <Filter>Файлы заголовков</Filter>
    </ClInclude>
    <ClInclude Include="Sphere.h">
      <Filter>Файлы заголовков</Filter>
    </ClInclude>
    <ClInclude Include="Torus.h">
      <Filter>Файлы заголовков</Filter>
    </ClInclude>
    <ClInclude Include="Vector.h">
      <Filter>Файлы заголовков</Filter>
    </ClInclude>
    <ClInclude Include="loadFile.h">
      <Filter>Файлы заголовков</Filter>
    </ClInclude>
    <ClInclude Include="Engine.h">
      <Filter>Файлы заголовков</Filter>
    </ClInclude>
  </ItemGroup>
  <ItemGroup>
    <Filter Include="Исходные файлы">
      <UniqueIdentifier>{23c907c9-e497-463f-9252-4f074fb3548f}</UniqueIdentifier>
    </Filter>
    <Filter Include="Файлы заголовков">
      <UniqueIdentifier>{12c6b040-42e3-444a-8c3e-63b8582102aa}</UniqueIdentifier>
    </Filter>
    <Filter Include="Файлы ресурсов">
      <UniqueIdentifier>{b72bbda3-cbcc-4b4e-8adb-9f796905b1bc}</UniqueIdentifier>
    </Filter>
  </ItemGroup>
</Project>